// !$*UTF8*$!
{
	archiveVersion = 1;
	classes = {
	};
	objectVersion = 46;
	objects = {

/* Begin PBXBuildFile section */
		129F2BF718F68757009D3264 /* UIKit.framework in Frameworks */ = {isa = PBXBuildFile; fileRef = 129F2BF618F68757009D3264 /* UIKit.framework */; };
		129F2BF918F68757009D3264 /* Foundation.framework in Frameworks */ = {isa = PBXBuildFile; fileRef = 129F2BF818F68757009D3264 /* Foundation.framework */; };
		129F2BFB18F68757009D3264 /* CoreGraphics.framework in Frameworks */ = {isa = PBXBuildFile; fileRef = 129F2BFA18F68757009D3264 /* CoreGraphics.framework */; };
		129F2C0118F68757009D3264 /* InfoPlist.strings in Resources */ = {isa = PBXBuildFile; fileRef = 129F2BFF18F68757009D3264 /* InfoPlist.strings */; };
		129F2C0318F68757009D3264 /* main.m in Sources */ = {isa = PBXBuildFile; fileRef = 129F2C0218F68757009D3264 /* main.m */; };
		129F2C0718F68757009D3264 /* AppDelegate.m in Sources */ = {isa = PBXBuildFile; fileRef = 129F2C0618F68757009D3264 /* AppDelegate.m */; };
		129F2C0A18F68757009D3264 /* ViewController.m in Sources */ = {isa = PBXBuildFile; fileRef = 129F2C0918F68757009D3264 /* ViewController.m */; };
		129F2C0D18F68757009D3264 /* ViewController.xib in Resources */ = {isa = PBXBuildFile; fileRef = 129F2C0B18F68757009D3264 /* ViewController.xib */; };
		129F2C1518F68778009D3264 /* Character.m in Sources */ = {isa = PBXBuildFile; fileRef = 129F2C1418F68778009D3264 /* Character.m */; };
		129F2C1918F68AA7009D3264 /* Player.m in Sources */ = {isa = PBXBuildFile; fileRef = 129F2C1818F68AA7009D3264 /* Player.m */; };
		129F2C1F18F68ED2009D3264 /* Monster.m in Sources */ = {isa = PBXBuildFile; fileRef = 129F2C1E18F68ED2009D3264 /* Monster.m */; };
/* End PBXBuildFile section */

/* Begin PBXFileReference section */
		129F2BF218F68757009D3264 /* simGame22.app */ = {isa = PBXFileReference; explicitFileType = wrapper.application; includeInIndex = 0; path = simGame22.app; sourceTree = BUILT_PRODUCTS_DIR; };
		129F2BF618F68757009D3264 /* UIKit.framework */ = {isa = PBXFileReference; lastKnownFileType = wrapper.framework; name = UIKit.framework; path = System/Library/Frameworks/UIKit.framework; sourceTree = SDKROOT; };
		129F2BF818F68757009D3264 /* Foundation.framework */ = {isa = PBXFileReference; lastKnownFileType = wrapper.framework; name = Foundation.framework; path = System/Library/Frameworks/Foundation.framework; sourceTree = SDKROOT; };
		129F2BFA18F68757009D3264 /* CoreGraphics.framework */ = {isa = PBXFileReference; lastKnownFileType = wrapper.framework; name = CoreGraphics.framework; path = System/Library/Frameworks/CoreGraphics.framework; sourceTree = SDKROOT; };
		129F2BFE18F68757009D3264 /* simGame22-Info.plist */ = {isa = PBXFileReference; lastKnownFileType = text.plist.xml; path = "simGame22-Info.plist"; sourceTree = "<group>"; };
		129F2C0018F68757009D3264 /* en */ = {isa = PBXFileReference; lastKnownFileType = text.plist.strings; name = en; path = en.lproj/InfoPlist.strings; sourceTree = "<group>"; };
		129F2C0218F68757009D3264 /* main.m */ = {isa = PBXFileReference; lastKnownFileType = sourcecode.c.objc; path = main.m; sourceTree = "<group>"; };
		129F2C0418F68757009D3264 /* simGame22-Prefix.pch */ = {isa = PBXFileReference; lastKnownFileType = sourcecode.c.h; path = "simGame22-Prefix.pch"; sourceTree = "<group>"; };
		129F2C0518F68757009D3264 /* AppDelegate.h */ = {isa = PBXFileReference; lastKnownFileType = sourcecode.c.h; path = AppDelegate.h; sourceTree = "<group>"; };
		129F2C0618F68757009D3264 /* AppDelegate.m */ = {isa = PBXFileReference; lastKnownFileType = sourcecode.c.objc; path = AppDelegate.m; sourceTree = "<group>"; };
		129F2C0818F68757009D3264 /* ViewController.h */ = {isa = PBXFileReference; lastKnownFileType = sourcecode.c.h; path = ViewController.h; sourceTree = "<group>"; };
		129F2C0918F68757009D3264 /* ViewController.m */ = {isa = PBXFileReference; lastKnownFileType = sourcecode.c.objc; path = ViewController.m; sourceTree = "<group>"; };
		129F2C0C18F68757009D3264 /* en */ = {isa = PBXFileReference; lastKnownFileType = file.xib; name = en; path = en.lproj/ViewController.xib; sourceTree = "<group>"; };
		129F2C1318F68778009D3264 /* Character.h */ = {isa = PBXFileReference; fileEncoding = 4; lastKnownFileType = sourcecode.c.h; path = Character.h; sourceTree = "<group>"; };
		129F2C1418F68778009D3264 /* Character.m */ = {isa = PBXFileReference; fileEncoding = 4; lastKnownFileType = sourcecode.c.objc; path = Character.m; sourceTree = "<group>"; };
		129F2C1718F68AA7009D3264 /* Player.h */ = {isa = PBXFileReference; fileEncoding = 4; lastKnownFileType = sourcecode.c.h; path = Player.h; sourceTree = "<group>"; };
		129F2C1818F68AA7009D3264 /* Player.m */ = {isa = PBXFileReference; fileEncoding = 4; lastKnownFileType = sourcecode.c.objc; path = Player.m; sourceTree = "<group>"; };
		129F2C1D18F68ED2009D3264 /* Monster.h */ = {isa = PBXFileReference; fileEncoding = 4; lastKnownFileType = sourcecode.c.h; path = Monster.h; sourceTree = "<group>"; };
		129F2C1E18F68ED2009D3264 /* Monster.m */ = {isa = PBXFileReference; fileEncoding = 4; lastKnownFileType = sourcecode.c.objc; path = Monster.m; sourceTree = "<group>"; };
/* End PBXFileReference section */

/* Begin PBXFrameworksBuildPhase section */
		129F2BEF18F68757009D3264 /* Frameworks */ = {
			isa = PBXFrameworksBuildPhase;
			buildActionMask = 2147483647;
			files = (
				129F2BF718F68757009D3264 /* UIKit.framework in Frameworks */,
				129F2BF918F68757009D3264 /* Foundation.framework in Frameworks */,
				129F2BFB18F68757009D3264 /* CoreGraphics.framework in Frameworks */,
			);
			runOnlyForDeploymentPostprocessing = 0;
		};
/* End PBXFrameworksBuildPhase section */

/* Begin PBXGroup section */
		129F2BE718F68757009D3264 = {
			isa = PBXGroup;
			children = (
				129F2BFC18F68757009D3264 /* simGame22 */,
				129F2BF518F68757009D3264 /* Frameworks */,
				129F2BF318F68757009D3264 /* Products */,
			);
			sourceTree = "<group>";
		};
		129F2BF318F68757009D3264 /* Products */ = {
			isa = PBXGroup;
			children = (
				129F2BF218F68757009D3264 /* simGame22.app */,
			);
			name = Products;
			sourceTree = "<group>";
		};
		129F2BF518F68757009D3264 /* Frameworks */ = {
			isa = PBXGroup;
			children = (
				129F2BF618F68757009D3264 /* UIKit.framework */,
				129F2BF818F68757009D3264 /* Foundation.framework */,
				129F2BFA18F68757009D3264 /* CoreGraphics.framework */,
			);
			name = Frameworks;
			sourceTree = "<group>";
		};
		129F2BFC18F68757009D3264 /* simGame22 */ = {
			isa = PBXGroup;
			children = (
				129F2C0518F68757009D3264 /* AppDelegate.h */,
				129F2C0618F68757009D3264 /* AppDelegate.m */,
				129F2C0818F68757009D3264 /* ViewController.h */,
				129F2C0918F68757009D3264 /* ViewController.m */,
				129F2C0B18F68757009D3264 /* ViewController.xib */,
				129F2BFD18F68757009D3264 /* Supporting Files */,
			);
			path = simGame22;
			sourceTree = "<group>";
		};
		129F2BFD18F68757009D3264 /* Supporting Files */ = {
			isa = PBXGroup;
			children = (
				129F2BFE18F68757009D3264 /* simGame22-Info.plist */,
				129F2BFF18F68757009D3264 /* InfoPlist.strings */,
				129F2C0218F68757009D3264 /* main.m */,
				129F2C0418F68757009D3264 /* simGame22-Prefix.pch */,
				129F2C1318F68778009D3264 /* Character.h */,
				129F2C1418F68778009D3264 /* Character.m */,
				129F2C1718F68AA7009D3264 /* Player.h */,
				129F2C1818F68AA7009D3264 /* Player.m */,
				129F2C1D18F68ED2009D3264 /* Monster.h */,
				129F2C1E18F68ED2009D3264 /* Monster.m */,
			);
			name = "Supporting Files";
			sourceTree = "<group>";
		};
/* End PBXGroup section */

/* Begin PBXNativeTarget section */
		129F2BF118F68757009D3264 /* simGame22 */ = {
			isa = PBXNativeTarget;
			buildConfigurationList = 129F2C1018F68757009D3264 /* Build configuration list for PBXNativeTarget "simGame22" */;
			buildPhases = (
				129F2BEE18F68757009D3264 /* Sources */,
				129F2BEF18F68757009D3264 /* Frameworks */,
				129F2BF018F68757009D3264 /* Resources */,
			);
			buildRules = (
			);
			dependencies = (
			);
			name = simGame22;
			productName = simGame22;
			productReference = 129F2BF218F68757009D3264 /* simGame22.app */;
			productType = "com.apple.product-type.application";
		};
/* End PBXNativeTarget section */

/* Begin PBXProject section */
		129F2BE918F68757009D3264 /* Project object */ = {
			isa = PBXProject;
			attributes = {
				LastUpgradeCheck = 0420;
			};
			buildConfigurationList = 129F2BEC18F68757009D3264 /* Build configuration list for PBXProject "simGame22" */;
			compatibilityVersion = "Xcode 3.2";
			developmentRegion = English;
			hasScannedForEncodings = 0;
			knownRegions = (
				en,
			);
			mainGroup = 129F2BE718F68757009D3264;
			productRefGroup = 129F2BF318F68757009D3264 /* Products */;
			projectDirPath = "";
			projectRoot = "";
			targets = (
				129F2BF118F68757009D3264 /* simGame22 */,
			);
		};
/* End PBXProject section */

/* Begin PBXResourcesBuildPhase section */
		129F2BF018F68757009D3264 /* Resources */ = {
			isa = PBXResourcesBuildPhase;
			buildActionMask = 2147483647;
			files = (
				129F2C0118F68757009D3264 /* InfoPlist.strings in Resources */,
				129F2C0D18F68757009D3264 /* ViewController.xib in Resources */,
			);
			runOnlyForDeploymentPostprocessing = 0;
		};
/* End PBXResourcesBuildPhase section */

/* Begin PBXSourcesBuildPhase section */
		129F2BEE18F68757009D3264 /* Sources */ = {
			isa = PBXSourcesBuildPhase;
			buildActionMask = 2147483647;
			files = (
				129F2C0318F68757009D3264 /* main.m in Sources */,
				129F2C0718F68757009D3264 /* AppDelegate.m in Sources */,
				129F2C0A18F68757009D3264 /* ViewController.m in Sources */,
				129F2C1518F68778009D3264 /* Character.m in Sources */,
				129F2C1918F68AA7009D3264 /* Player.m in Sources */,
				129F2C1F18F68ED2009D3264 /* Monster.m in Sources */,
			);
			runOnlyForDeploymentPostprocessing = 0;
		};
/* End PBXSourcesBuildPhase section */

/* Begin PBXVariantGroup section */
		129F2BFF18F68757009D3264 /* InfoPlist.strings */ = {
			isa = PBXVariantGroup;
			children = (
				129F2C0018F68757009D3264 /* en */,
			);
			name = InfoPlist.strings;
			sourceTree = "<group>";
		};
		129F2C0B18F68757009D3264 /* ViewController.xib */ = {
			isa = PBXVariantGroup;
			children = (
				129F2C0C18F68757009D3264 /* en */,
			);
			name = ViewController.xib;
			sourceTree = "<group>";
		};
/* End PBXVariantGroup section */

/* Begin XCBuildConfiguration section */
		129F2C0E18F68757009D3264 /* Debug */ = {
			isa = XCBuildConfiguration;
			buildSettings = {
				ALWAYS_SEARCH_USER_PATHS = NO;
				ARCHS = "$(ARCHS_STANDARD_32_BIT)";
				CLANG_ENABLE_OBJC_ARC = YES;
				"CODE_SIGN_IDENTITY[sdk=iphoneos*]" = "iPhone Developer";
				COPY_PHASE_STRIP = NO;
				GCC_C_LANGUAGE_STANDARD = gnu99;
				GCC_DYNAMIC_NO_PIC = NO;
				GCC_OPTIMIZATION_LEVEL = 0;
				GCC_PREPROCESSOR_DEFINITIONS = (
					"DEBUG=1",
					"$(inherited)",
				);
				GCC_SYMBOLS_PRIVATE_EXTERN = NO;
				GCC_VERSION = com.apple.compilers.llvm.clang.1_0;
				GCC_WARN_ABOUT_MISSING_PROTOTYPES = YES;
				GCC_WARN_ABOUT_RETURN_TYPE = YES;
				GCC_WARN_UNUSED_VARIABLE = YES;
				IPHONEOS_DEPLOYMENT_TARGET = 5.0;
				SDKROOT = iphoneos;
			};
			name = Debug;
		};
		129F2C0F18F68757009D3264 /* Release */ = {
			isa = XCBuildConfiguration;
			buildSettings = {
				ALWAYS_SEARCH_USER_PATHS = NO;
				ARCHS = "$(ARCHS_STANDARD_32_BIT)";
				CLANG_ENABLE_OBJC_ARC = YES;
				"CODE_SIGN_IDENTITY[sdk=iphoneos*]" = "iPhone Developer";
				COPY_PHASE_STRIP = YES;
				GCC_C_LANGUAGE_STANDARD = gnu99;
				GCC_VERSION = com.apple.compilers.llvm.clang.1_0;
				GCC_WARN_ABOUT_MISSING_PROTOTYPES = YES;
				GCC_WARN_ABOUT_RETURN_TYPE = YES;
				GCC_WARN_UNUSED_VARIABLE = YES;
				IPHONEOS_DEPLOYMENT_TARGET = 5.0;
				OTHER_CFLAGS = "-DNS_BLOCK_ASSERTIONS=1";
				SDKROOT = iphoneos;
				VALIDATE_PRODUCT = YES;
			};
			name = Release;
		};
		129F2C1118F68757009D3264 /* Debug */ = {
			isa = XCBuildConfiguration;
			buildSettings = {
				GCC_PRECOMPILE_PREFIX_HEADER = YES;
				GCC_PREFIX_HEADER = "simGame22/simGame22-Prefix.pch";
				INFOPLIST_FILE = "simGame22/simGame22-Info.plist";
				PRODUCT_NAME = "$(TARGET_NAME)";
				WRAPPER_EXTENSION = app;
			};
			name = Debug;
		};
		129F2C1218F68757009D3264 /* Release */ = {
			isa = XCBuildConfiguration;
			buildSettings = {
				GCC_PRECOMPILE_PREFIX_HEADER = YES;
				GCC_PREFIX_HEADER = "simGame22/simGame22-Prefix.pch";
				INFOPLIST_FILE = "simGame22/simGame22-Info.plist";
				PRODUCT_NAME = "$(TARGET_NAME)";
				WRAPPER_EXTENSION = app;
			};
			name = Release;
		};
/* End XCBuildConfiguration section */

/* Begin XCConfigurationList section */
		129F2BEC18F68757009D3264 /* Build configuration list for PBXProject "simGame22" */ = {
			isa = XCConfigurationList;
			buildConfigurations = (
				129F2C0E18F68757009D3264 /* Debug */,
				129F2C0F18F68757009D3264 /* Release */,
			);
			defaultConfigurationIsVisible = 0;
			defaultConfigurationName = Release;
		};
		129F2C1018F68757009D3264 /* Build configuration list for PBXNativeTarget "simGame22" */ = {
			isa = XCConfigurationList;
			buildConfigurations = (
				129F2C1118F68757009D3264 /* Debug */,
				129F2C1218F68757009D3264 /* Release */,
			);
			defaultConfigurationIsVisible = 0;
		};
/* End XCConfigurationList section */
	};
	rootObject = 129F2BE918F68757009D3264 /* Project object */;
}
